
Microsoft Visual Studio Solution File, Format Version 12.00
# Visual Studio Version 16
VisualStudioVersion = 16.0.32510.428
MinimumVisualStudioVersion = 10.0.40219.1
Project("{FAE04EC0-301F-11D3-BF4B-00C04F79EFBC}") = "BrickBreak", "BrickBreak.csproj", "{B8B24FC9-ADF9-4744-9629-D6334630CE4C}"
EndProject
Global
	GlobalSection(SolutionConfigurationPlatforms) = preSolution
		Debug|Any CPU = Debug|Any CPU
		Release|Any CPU = Release|Any CPU
	EndGlobalSection
	GlobalSection(ProjectConfigurationPlatforms) = postSolution
		{B8B24FC9-ADF9-4744-9629-D6334630CE4C}.Debug|Any CPU.ActiveCfg = Debug|Any CPU
		{B8B24FC9-ADF9-4744-9629-D6334630CE4C}.Debug|Any CPU.Build.0 = Debug|Any CPU
		{B8B24FC9-ADF9-4744-9629-D6334630CE4C}.Release|Any CPU.ActiveCfg = Release|Any CPU
		{B8B24FC9-ADF9-4744-9629-D6334630CE4C}.Release|Any CPU.Build.0 = Release|Any CPU
	EndGlobalSection
	GlobalSection(SolutionProperties) = preSolution
		HideSolutionNode = FALSE
	EndGlobalSection
	GlobalSection(ExtensibilityGlobals) = postSolution
		SolutionGuid = {841B77F3-ADF3-4393-905F-61F3386E8C19}
	EndGlobalSection
EndGlobal
